{
  "name": "@jeefo/parser",
  "version": "0.0.21",
  "lockfileVersion": 1,
  "requires": true,
  "dependencies": {
    "@jeefo/command": {
      "version": "0.0.3",
      "resolved": "https://registry.npmjs.org/@jeefo/command/-/command-0.0.3.tgz",
      "integrity": "sha512-tjdpTTHr1GQp4CWVtccV3eHE9TvbNEQfsMwslKjbaRnTl2jwtmNmGmSPttpnLpR17/ATEs89DQYiUpmGY9knDg=="
    },
    "@jeefo/publish": {
      "version": "0.0.31",
      "resolved": "https://registry.npmjs.org/@jeefo/publish/-/publish-0.0.31.tgz",
      "integrity": "sha512-VrpiuMOCpR2WC8e1+ZRQymbRaHOLOUubFkQ8/kRFmG64ZKMygYY202LdR+ICJ5VCP2SeXeqwXDvVQwG8b/RJ/A==",
      "dev": true
    },
    "@jeefo/tokenizer": {
      "version": "0.0.3",
      "resolved": "https://registry.npmjs.org/@jeefo/tokenizer/-/tokenizer-0.0.3.tgz",
      "integrity": "sha512-7rmMrzRKjmDo1zUW6Asa5A9vU91HiDwu4kMXIePsuuoAWzmAMLkE/JNTfLOeVW3sy9AoeE+WQN55woFnE2Y1BA==",
      "requires": {
        "@jeefo/utils": "0.0.2"
      }
    },
    "@jeefo/utils": {
      "version": "0.0.2",
      "resolved": "https://registry.npmjs.org/@jeefo/utils/-/utils-0.0.2.tgz",
      "integrity": "sha512-NA64uJZES4bjPjXslS6eLHsDyLq+5gtW7N4LBAMRgi41pnkd+sRInIivF/mWFEVI1YgxJ9G4FV9mcyL5vhfMYg=="
    }
  }
}
