{
  "name": "@jeefo/parser",
  "version": "0.0.1",
  "lockfileVersion": 1,
  "requires": true,
  "dependencies": {
    "jeefo_command": {
      "version": "0.0.20",
      "resolved": "https://registry.npmjs.org/jeefo_command/-/jeefo_command-0.0.20.tgz",
      "integrity": "sha512-kIZZ9ft4QY3cudqwhXyOXBH1KDB+lbtCqtY4I7HbI92hGjDDxJ+4/+xNutl5l1tZy25EVCs1wTgFMnO7eKrFuw=="
    },
    "jeefo_utils": {
      "version": "0.0.5",
      "resolved": "https://registry.npmjs.org/jeefo_utils/-/jeefo_utils-0.0.5.tgz",
      "integrity": "sha1-fNN+Bx5wuxyBuk6k6GwQ22+/qYs="
    }
  }
}
